
Microsoft Visual Studio Solution File, Format Version 12.00
# Visual Studio 15
VisualStudioVersion = 15.0.28307.271
MinimumVisualStudioVersion = 10.0.40219.1
Project("{FAE04EC0-301F-11D3-BF4B-00C04F79EFBC}") = "Trial Two", "Trial Two\Trial Two.csproj", "{AB24CE80-53F0-40F0-A9A2-273AADD035AA}"
EndProject
Global
	GlobalSection(SolutionConfigurationPlatforms) = preSolution
		Debug|Any CPU = Debug|Any CPU
		Release|Any CPU = Release|Any CPU
	EndGlobalSection
	GlobalSection(ProjectConfigurationPlatforms) = postSolution
		{AB24CE80-53F0-40F0-A9A2-273AADD035AA}.Debug|Any CPU.ActiveCfg = Debug|Any CPU
		{AB24CE80-53F0-40F0-A9A2-273AADD035AA}.Debug|Any CPU.Build.0 = Debug|Any CPU
		{AB24CE80-53F0-40F0-A9A2-273AADD035AA}.Release|Any CPU.ActiveCfg = Release|Any CPU
		{AB24CE80-53F0-40F0-A9A2-273AADD035AA}.Release|Any CPU.Build.0 = Release|Any CPU
	EndGlobalSection
	GlobalSection(SolutionProperties) = preSolution
		HideSolutionNode = FALSE
	EndGlobalSection
	GlobalSection(ExtensibilityGlobals) = postSolution
		SolutionGuid = {BC88C42C-76CB-4F94-8595-DDEDE5C7DA93}
	EndGlobalSection
EndGlobal
